<?xml version="1.0" encoding="utf-8"?>
<Project ToolsVersion="4.0" xmlns="http://schemas.microsoft.com/developer/msbuild/2003">
  <ItemGroup>
    <Filter Include="Source Files">
      <UniqueIdentifier>{4FC737F1-C7A5-4376-A066-2A32D752A2FF}</UniqueIdentifier>
      <Extensions>cpp;c;cc;cxx;def;odl;idl;hpj;bat;asm;asmx</Extensions>
    </Filter>
    <Filter Include="Header Files">
      <UniqueIdentifier>{93995380-89BD-4b04-88EB-625FBE52EBFB}</UniqueIdentifier>
      <Extensions>h;hpp;hxx;hm;inl;inc;xsd</Extensions>
    </Filter>
    <Filter Include="Resource Files">
      <UniqueIdentifier>{67DA6AB6-F800-4c08-8B7A-83BB121AAD01}</UniqueIdentifier>
      <Extensions>rc;ico;cur;bmp;dlg;rc2;rct;bin;rgs;gif;jpg;jpeg;jpe;resx;tiff;tif;png;wav;mfcribbon-ms</Extensions>
    </Filter>
  </ItemGroup>
  <ItemGroup>
    <Text Include="ReadMe.txt" />
  </ItemGroup>
  <ItemGroup>
    <ClInclude Include="Mobis.h">
      <Filter>Header Files</Filter>
    </ClInclude>
    <ClInclude Include="MobisDlg.h">
      <Filter>Header Files</Filter>
    </ClInclude>
    <ClInclude Include="stdafx.h">
      <Filter>Header Files</Filter>
    </ClInclude>
    <ClInclude Include="targetver.h">
      <Filter>Header Files</Filter>
    </ClInclude>
    <ClInclude Include="Resource.h">
      <Filter>Header Files</Filter>
    </ClInclude>
    <ClInclude Include="CvvImage.h">
      <Filter>Header Files</Filter>
    </ClInclude>
    <ClInclude Include="selectDialog.h">
      <Filter>Header Files</Filter>
    </ClInclude>
    <ClInclude Include="LeoRectTracker.h">
      <Filter>Header Files</Filter>
    </ClInclude>
    <ClInclude Include="Model.h">
      <Filter>Header Files</Filter>
    </ClInclude>
    <ClInclude Include="ExtPicture.h">
      <Filter>Header Files</Filter>
    </ClInclude>
    <ClInclude Include="LoadDlg.h">
      <Filter>Header Files</Filter>
    </ClInclude>
    <ClInclude Include="LoadManage.h">
      <Filter>Header Files</Filter>
    </ClInclude>
    <ClInclude Include="algorithm.h">
      <Filter>Header Files</Filter>
    </ClInclude>
    <ClInclude Include="PictureSave.h">
      <Filter>Header Files</Filter>
    </ClInclude>
    <ClInclude Include="cameraManage.h">
      <Filter>Header Files</Filter>
    </ClInclude>
    <ClInclude Include="camera_jai.h">
      <Filter>Header Files</Filter>
    </ClInclude>
    <ClInclude Include="types.h">
      <Filter>Header Files</Filter>
    </ClInclude>
    <ClInclude Include="CMSComm.h">
      <Filter>Header Files</Filter>
    </ClInclude>
    <ClInclude Include="CameraSetting.h">
      <Filter>Header Files</Filter>
    </ClInclude>
    <ClInclude Include="sheet_CameraSetPage.h">
      <Filter>Header Files</Filter>
    </ClInclude>
    <ClInclude Include="sheet_DatabaseSetPage.h">
      <Filter>Header Files</Filter>
    </ClInclude>
    <ClInclude Include="sheet_LightSetPage.h">
      <Filter>Header Files</Filter>
    </ClInclude>
    <ClInclude Include="sheet_Seting.h">
      <Filter>Header Files</Filter>
    </ClInclude>
    <ClInclude Include="LeoPicture.h">
      <Filter>Header Files</Filter>
    </ClInclude>
    <ClInclude Include="LeoPicture_For_AddModel.h">
      <Filter>Header Files</Filter>
    </ClInclude>
    <ClInclude Include="LeoPicture_For_Main.h">
      <Filter>Header Files</Filter>
    </ClInclude>
    <ClInclude Include="LeoPicture_For_SelectDlg.h">
      <Filter>Header Files</Filter>
    </ClInclude>
    <ClInclude Include="AddModelDlg.h">
      <Filter>Header Files</Filter>
    </ClInclude>
    <ClInclude Include="Algorithm_Seting.h">
      <Filter>Header Files</Filter>
    </ClInclude>
  </ItemGroup>
  <ItemGroup>
    <ClCompile Include="Mobis.cpp">
      <Filter>Source Files</Filter>
    </ClCompile>
    <ClCompile Include="MobisDlg.cpp">
      <Filter>Source Files</Filter>
    </ClCompile>
    <ClCompile Include="stdafx.cpp">
      <Filter>Source Files</Filter>
    </ClCompile>
    <ClCompile Include="CvvImage.cpp">
      <Filter>Source Files</Filter>
    </ClCompile>
    <ClCompile Include="selectDialog.cpp">
      <Filter>Source Files</Filter>
    </ClCompile>
    <ClCompile Include="LeoRectTracker.cpp">
      <Filter>Source Files</Filter>
    </ClCompile>
    <ClCompile Include="Model.cpp">
      <Filter>Source Files</Filter>
    </ClCompile>
    <ClCompile Include="ExtPicture.cpp">
      <Filter>Source Files</Filter>
    </ClCompile>
    <ClCompile Include="LoadDlg.cpp">
      <Filter>Source Files</Filter>
    </ClCompile>
    <ClCompile Include="LoadManage.cpp">
      <Filter>Source Files</Filter>
    </ClCompile>
    <ClCompile Include="algorithm.cpp">
      <Filter>Source Files</Filter>
    </ClCompile>
    <ClCompile Include="PictureSave.cpp">
      <Filter>Source Files</Filter>
    </ClCompile>
    <ClCompile Include="camera_jai.cpp">
      <Filter>Source Files</Filter>
    </ClCompile>
    <ClCompile Include="cameraManage.cpp">
      <Filter>Source Files</Filter>
    </ClCompile>
    <ClCompile Include="CMSComm.cpp">
      <Filter>Source Files</Filter>
    </ClCompile>
    <ClCompile Include="CameraSetting.cpp">
      <Filter>Source Files</Filter>
    </ClCompile>
    <ClCompile Include="sheet_CameraSetPage.cpp">
      <Filter>Source Files</Filter>
    </ClCompile>
    <ClCompile Include="sheet_DatabaseSetPage.cpp">
      <Filter>Source Files</Filter>
    </ClCompile>
    <ClCompile Include="sheet_LightSetPage.cpp">
      <Filter>Source Files</Filter>
    </ClCompile>
    <ClCompile Include="sheet_Seting.cpp">
      <Filter>Source Files</Filter>
    </ClCompile>
    <ClCompile Include="LeoPicture.cpp">
      <Filter>Source Files</Filter>
    </ClCompile>
    <ClCompile Include="LeoPicture_For_AddModel.cpp">
      <Filter>Source Files</Filter>
    </ClCompile>
    <ClCompile Include="LeoPicture_For_Main.cpp">
      <Filter>Source Files</Filter>
    </ClCompile>
    <ClCompile Include="LeoPicture_For_SelectDlg.cpp">
      <Filter>Source Files</Filter>
    </ClCompile>
    <ClCompile Include="AddModelDlg.cpp">
      <Filter>Source Files</Filter>
    </ClCompile>
    <ClCompile Include="Algorithm_Seting.cpp">
      <Filter>Source Files</Filter>
    </ClCompile>
  </ItemGroup>
  <ItemGroup>
    <ResourceCompile Include="Mobis.rc">
      <Filter>Resource Files</Filter>
    </ResourceCompile>
  </ItemGroup>
  <ItemGroup>
    <None Include="res\Mobis.rc2">
      <Filter>Resource Files</Filter>
    </None>
  </ItemGroup>
  <ItemGroup>
    <Image Include="res\Mobis.ico">
      <Filter>Resource Files</Filter>
    </Image>
    <Image Include="..\Debug\no.bmp">
      <Filter>Resource Files</Filter>
    </Image>
    <Image Include="res\tree.ico">
      <Filter>Resource Files</Filter>
    </Image>
    <Image Include="res\check.ico">
      <Filter>Resource Files</Filter>
    </Image>
    <Image Include="res\icon1.ico">
      <Filter>Resource Files</Filter>
    </Image>
    <Image Include="res\tip.ico">
      <Filter>Resource Files</Filter>
    </Image>
  </ItemGroup>
</Project>